
Microsoft Visual Studio Solution File, Format Version 12.00
# Visual Studio 15
VisualStudioVersion = 15.0.28307.271
MinimumVisualStudioVersion = 10.0.40219.1
Project("{FAE04EC0-301F-11D3-BF4B-00C04F79EFBC}") = "Biblio.Service", "Biblio.Service\Biblio.Service.csproj", "{F1598B44-E0C4-4475-8074-F6FE8008B1DA}"
EndProject
Project("{FAE04EC0-301F-11D3-BF4B-00C04F79EFBC}") = "Entities", "Entities\Entities.csproj", "{CA39FA3B-39B7-49F0-B793-3A9847EDC67C}"
EndProject
Project("{FAE04EC0-301F-11D3-BF4B-00C04F79EFBC}") = "SLC", "SLC\SLC.csproj", "{7677AE8E-8AFF-4D36-84AF-CA9B28FA5A63}"
EndProject
Project("{FAE04EC0-301F-11D3-BF4B-00C04F79EFBC}") = "DAL", "DAL\DAL.csproj", "{5F1AAF5C-87BB-45FF-8781-DE18333B718D}"
EndProject
Global
	GlobalSection(SolutionConfigurationPlatforms) = preSolution
		Debug|Any CPU = Debug|Any CPU
		Release|Any CPU = Release|Any CPU
	EndGlobalSection
	GlobalSection(ProjectConfigurationPlatforms) = postSolution
		{F1598B44-E0C4-4475-8074-F6FE8008B1DA}.Debug|Any CPU.ActiveCfg = Debug|Any CPU
		{F1598B44-E0C4-4475-8074-F6FE8008B1DA}.Debug|Any CPU.Build.0 = Debug|Any CPU
		{F1598B44-E0C4-4475-8074-F6FE8008B1DA}.Release|Any CPU.ActiveCfg = Release|Any CPU
		{F1598B44-E0C4-4475-8074-F6FE8008B1DA}.Release|Any CPU.Build.0 = Release|Any CPU
		{CA39FA3B-39B7-49F0-B793-3A9847EDC67C}.Debug|Any CPU.ActiveCfg = Debug|Any CPU
		{CA39FA3B-39B7-49F0-B793-3A9847EDC67C}.Debug|Any CPU.Build.0 = Debug|Any CPU
		{CA39FA3B-39B7-49F0-B793-3A9847EDC67C}.Release|Any CPU.ActiveCfg = Release|Any CPU
		{CA39FA3B-39B7-49F0-B793-3A9847EDC67C}.Release|Any CPU.Build.0 = Release|Any CPU
		{7677AE8E-8AFF-4D36-84AF-CA9B28FA5A63}.Debug|Any CPU.ActiveCfg = Debug|Any CPU
		{7677AE8E-8AFF-4D36-84AF-CA9B28FA5A63}.Debug|Any CPU.Build.0 = Debug|Any CPU
		{7677AE8E-8AFF-4D36-84AF-CA9B28FA5A63}.Release|Any CPU.ActiveCfg = Release|Any CPU
		{7677AE8E-8AFF-4D36-84AF-CA9B28FA5A63}.Release|Any CPU.Build.0 = Release|Any CPU
		{5F1AAF5C-87BB-45FF-8781-DE18333B718D}.Debug|Any CPU.ActiveCfg = Debug|Any CPU
		{5F1AAF5C-87BB-45FF-8781-DE18333B718D}.Debug|Any CPU.Build.0 = Debug|Any CPU
		{5F1AAF5C-87BB-45FF-8781-DE18333B718D}.Release|Any CPU.ActiveCfg = Release|Any CPU
		{5F1AAF5C-87BB-45FF-8781-DE18333B718D}.Release|Any CPU.Build.0 = Release|Any CPU
	EndGlobalSection
	GlobalSection(SolutionProperties) = preSolution
		HideSolutionNode = FALSE
	EndGlobalSection
	GlobalSection(ExtensibilityGlobals) = postSolution
		SolutionGuid = {203AE208-574E-419B-BD29-6040F4760410}
	EndGlobalSection
EndGlobal
